Microsoft Visual Studio Solution File, Format Version 11.00
# Visual Studio 2008

Project("{3419533F-9BF2-CB89-0482-3CDF47F2CBF2}") = "UnityLesson02_Space-Shooter", "Assembly-CSharp.csproj", "{735ED473-81C2-DAFD-E473-2CD45AF1A509}"
EndProject
Project("{3419533F-9BF2-CB89-0482-3CDF47F2CBF2}") = "UnityLesson02_Space-Shooter", "Assembly-CSharp-Editor.csproj", "{3C6DA557-DE74-C1FF-7F44-35605F16B608}"
EndProject
Global
	GlobalSection(SolutionConfigurationPlatforms) = preSolution
		Debug|Any CPU = Debug|Any CPU
		Release|Any CPU = Release|Any CPU
	EndGlobalSection
	GlobalSection(ProjectConfigurationPlatforms) = postSolution
		{735ED473-81C2-DAFD-E473-2CD45AF1A509}.Debug|Any CPU.ActiveCfg = Debug|Any CPU
		{735ED473-81C2-DAFD-E473-2CD45AF1A509}.Debug|Any CPU.Build.0 = Debug|Any CPU
		{735ED473-81C2-DAFD-E473-2CD45AF1A509}.Release|Any CPU.ActiveCfg = Release|Any CPU
		{735ED473-81C2-DAFD-E473-2CD45AF1A509}.Release|Any CPU.Build.0 = Release|Any CPU
		{3C6DA557-DE74-C1FF-7F44-35605F16B608}.Debug|Any CPU.ActiveCfg = Debug|Any CPU
		{3C6DA557-DE74-C1FF-7F44-35605F16B608}.Debug|Any CPU.Build.0 = Debug|Any CPU
		{3C6DA557-DE74-C1FF-7F44-35605F16B608}.Release|Any CPU.ActiveCfg = Release|Any CPU
		{3C6DA557-DE74-C1FF-7F44-35605F16B608}.Release|Any CPU.Build.0 = Release|Any CPU
	EndGlobalSection
	GlobalSection(SolutionProperties) = preSolution
		HideSolutionNode = FALSE
	EndGlobalSection
	GlobalSection(MonoDevelopProperties) = preSolution
		StartupItem = Assembly-CSharp.csproj
	EndGlobalSection
EndGlobal
